dependencies:
  add: 2.0.6
  lodash: 4.17.19
devDependencies:
  '@types/lodash': 4.14.158
lockfileVersion: 5.1
packages:
  /@types/lodash/4.14.158:
    dev: true
    resolution:
      integrity: sha512-InCEXJNTv/59yO4VSfuvNrZHt7eeNtWQEgnieIA+mIC+MOWM9arOWG2eQ8Vhk6NbOre6/BidiXhkZYeDY9U35w==
  /add/2.0.6:
    dev: false
    resolution:
      integrity: sha1-JI8Kn25aUo7yKV2+7DBTITCuIjU=
  /lodash/4.17.19:
    dev: false
    resolution:
      integrity: sha512-JNvd8XER9GQX0v2qJgsaN/mzFCNA5BRe/j8JN9d+tWyGLSodKQHKFicdwNYzWwI3wjRnaKPsGj1XkBjx/F96DQ==
specifiers:
  '@types/lodash': ^4.14.158
  add: ^2.0.6
  lodash: ^4.17.19
